
Microsoft Visual Studio Solution File, Format Version 12.00
# Visual Studio 15
VisualStudioVersion = 15.0.27703.2047
MinimumVisualStudioVersion = 10.0.40219.1
Project("{8BC9CEB8-8B4A-11D0-8D11-00A0C91BC942}") = "Chank", "Chank\Chank.vcxproj", "{BA06E1E6-03E0-448E-B9F1-E24AFA93BF89}"
EndProject
Global
	GlobalSection(SolutionConfigurationPlatforms) = preSolution
		Debug|x64 = Debug|x64
		Debug|x86 = Debug|x86
		Release|x64 = Release|x64
		Release|x86 = Release|x86
	EndGlobalSection
	GlobalSection(ProjectConfigurationPlatforms) = postSolution
		{BA06E1E6-03E0-448E-B9F1-E24AFA93BF89}.Debug|x64.ActiveCfg = Debug|x64
		{BA06E1E6-03E0-448E-B9F1-E24AFA93BF89}.Debug|x64.Build.0 = Debug|x64
		{BA06E1E6-03E0-448E-B9F1-E24AFA93BF89}.Debug|x86.ActiveCfg = Debug|Win32
		{BA06E1E6-03E0-448E-B9F1-E24AFA93BF89}.Debug|x86.Build.0 = Debug|Win32
		{BA06E1E6-03E0-448E-B9F1-E24AFA93BF89}.Release|x64.ActiveCfg = Release|x64
		{BA06E1E6-03E0-448E-B9F1-E24AFA93BF89}.Release|x64.Build.0 = Release|x64
		{BA06E1E6-03E0-448E-B9F1-E24AFA93BF89}.Release|x86.ActiveCfg = Release|Win32
		{BA06E1E6-03E0-448E-B9F1-E24AFA93BF89}.Release|x86.Build.0 = Release|Win32
	EndGlobalSection
	GlobalSection(SolutionProperties) = preSolution
		HideSolutionNode = FALSE
	EndGlobalSection
	GlobalSection(ExtensibilityGlobals) = postSolution
		SolutionGuid = {8DCCB828-697A-4359-916A-605D5DBC192B}
	EndGlobalSection
EndGlobal
